// !$*UTF8*$!
{
	archiveVersion = 1;
	classes = {
	};
	objectVersion = 56;
	objects = {

/* Begin PBXBuildFile section */
		DA03254F2AADCA30000D3152 /* AppDelegate.swift in Sources */ = {isa = PBXBuildFile; fileRef = DA03254E2AADCA30000D3152 /* AppDelegate.swift */; };
		DA0325512AADCA30000D3152 /* SceneDelegate.swift in Sources */ = {isa = PBXBuildFile; fileRef = DA0325502AADCA30000D3152 /* SceneDelegate.swift */; };
		DA0325562AADCA30000D3152 /* Main.storyboard in Resources */ = {isa = PBXBuildFile; fileRef = DA0325542AADCA30000D3152 /* Main.storyboard */; };
		DA0325582AADCA31000D3152 /* Assets.xcassets in Resources */ = {isa = PBXBuildFile; fileRef = DA0325572AADCA31000D3152 /* Assets.xcassets */; };
		DA03255B2AADCA31000D3152 /* LaunchScreen.storyboard in Resources */ = {isa = PBXBuildFile; fileRef = DA0325592AADCA31000D3152 /* LaunchScreen.storyboard */; };
		DA0325662AADCA31000D3152 /* SwiftTicTacToeTests.swift in Sources */ = {isa = PBXBuildFile; fileRef = DA0325652AADCA31000D3152 /* SwiftTicTacToeTests.swift */; };
		DA0325702AADCA31000D3152 /* SwiftTicTacToeUITests.swift in Sources */ = {isa = PBXBuildFile; fileRef = DA03256F2AADCA31000D3152 /* SwiftTicTacToeUITests.swift */; };
		DA0325722AADCA31000D3152 /* SwiftTicTacToeUITestsLaunchTests.swift in Sources */ = {isa = PBXBuildFile; fileRef = DA0325712AADCA31000D3152 /* SwiftTicTacToeUITestsLaunchTests.swift */; };
		DA0D2CB52AAE23E8005F1DD6 /* HomeViewController.swift in Sources */ = {isa = PBXBuildFile; fileRef = DA0D2CB42AAE23E8005F1DD6 /* HomeViewController.swift */; };
		DA0D2CB72AAE425F005F1DD6 /* GameViewController.swift in Sources */ = {isa = PBXBuildFile; fileRef = DA0D2CB62AAE425F005F1DD6 /* GameViewController.swift */; };
		DA0D2CB92AAE4273005F1DD6 /* StartGameViewController.swift in Sources */ = {isa = PBXBuildFile; fileRef = DA0D2CB82AAE4273005F1DD6 /* StartGameViewController.swift */; };
/* End PBXBuildFile section */

/* Begin PBXContainerItemProxy section */
		DA0325622AADCA31000D3152 /* PBXContainerItemProxy */ = {
			isa = PBXContainerItemProxy;
			containerPortal = DA0325432AADCA30000D3152 /* Project object */;
			proxyType = 1;
			remoteGlobalIDString = DA03254A2AADCA30000D3152;
			remoteInfo = SwiftTicTacToe;
		};
		DA03256C2AADCA31000D3152 /* PBXContainerItemProxy */ = {
			isa = PBXContainerItemProxy;
			containerPortal = DA0325432AADCA30000D3152 /* Project object */;
			proxyType = 1;
			remoteGlobalIDString = DA03254A2AADCA30000D3152;
			remoteInfo = SwiftTicTacToe;
		};
/* End PBXContainerItemProxy section */

/* Begin PBXFileReference section */
		DA03254B2AADCA30000D3152 /* SwiftTicTacToe.app */ = {isa = PBXFileReference; explicitFileType = wrapper.application; includeInIndex = 0; path = SwiftTicTacToe.app; sourceTree = BUILT_PRODUCTS_DIR; };
		DA03254E2AADCA30000D3152 /* AppDelegate.swift */ = {isa = PBXFileReference; lastKnownFileType = sourcecode.swift; path = AppDelegate.swift; sourceTree = "<group>"; };
		DA0325502AADCA30000D3152 /* SceneDelegate.swift */ = {isa = PBXFileReference; lastKnownFileType = sourcecode.swift; path = SceneDelegate.swift; sourceTree = "<group>"; };
		DA0325552AADCA30000D3152 /* Base */ = {isa = PBXFileReference; lastKnownFileType = file.storyboard; name = Base; path = Base.lproj/Main.storyboard; sourceTree = "<group>"; };
		DA0325572AADCA31000D3152 /* Assets.xcassets */ = {isa = PBXFileReference; lastKnownFileType = folder.assetcatalog; path = Assets.xcassets; sourceTree = "<group>"; };
		DA03255A2AADCA31000D3152 /* Base */ = {isa = PBXFileReference; lastKnownFileType = file.storyboard; name = Base; path = Base.lproj/LaunchScreen.storyboard; sourceTree = "<group>"; };
		DA03255C2AADCA31000D3152 /* Info.plist */ = {isa = PBXFileReference; lastKnownFileType = text.plist.xml; path = Info.plist; sourceTree = "<group>"; };
		DA0325612AADCA31000D3152 /* SwiftTicTacToeTests.xctest */ = {isa = PBXFileReference; explicitFileType = wrapper.cfbundle; includeInIndex = 0; path = SwiftTicTacToeTests.xctest; sourceTree = BUILT_PRODUCTS_DIR; };
		DA0325652AADCA31000D3152 /* SwiftTicTacToeTests.swift */ = {isa = PBXFileReference; lastKnownFileType = sourcecode.swift; path = SwiftTicTacToeTests.swift; sourceTree = "<group>"; };
		DA03256B2AADCA31000D3152 /* SwiftTicTacToeUITests.xctest */ = {isa = PBXFileReference; explicitFileType = wrapper.cfbundle; includeInIndex = 0; path = SwiftTicTacToeUITests.xctest; sourceTree = BUILT_PRODUCTS_DIR; };
		DA03256F2AADCA31000D3152 /* SwiftTicTacToeUITests.swift */ = {isa = PBXFileReference; lastKnownFileType = sourcecode.swift; path = SwiftTicTacToeUITests.swift; sourceTree = "<group>"; };
		DA0325712AADCA31000D3152 /* SwiftTicTacToeUITestsLaunchTests.swift */ = {isa = PBXFileReference; lastKnownFileType = sourcecode.swift; path = SwiftTicTacToeUITestsLaunchTests.swift; sourceTree = "<group>"; };
		DA0D2CB42AAE23E8005F1DD6 /* HomeViewController.swift */ = {isa = PBXFileReference; lastKnownFileType = sourcecode.swift; path = HomeViewController.swift; sourceTree = "<group>"; };
		DA0D2CB62AAE425F005F1DD6 /* GameViewController.swift */ = {isa = PBXFileReference; lastKnownFileType = sourcecode.swift; path = GameViewController.swift; sourceTree = "<group>"; };
		DA0D2CB82AAE4273005F1DD6 /* StartGameViewController.swift */ = {isa = PBXFileReference; lastKnownFileType = sourcecode.swift; path = StartGameViewController.swift; sourceTree = "<group>"; };
/* End PBXFileReference section */

/* Begin PBXFrameworksBuildPhase section */
		DA0325482AADCA30000D3152 /* Frameworks */ = {
			isa = PBXFrameworksBuildPhase;
			buildActionMask = 2147483647;
			files = (
			);
			runOnlyForDeploymentPostprocessing = 0;
		};
		DA03255E2AADCA31000D3152 /* Frameworks */ = {
			isa = PBXFrameworksBuildPhase;
			buildActionMask = 2147483647;
			files = (
			);
			runOnlyForDeploymentPostprocessing = 0;
		};
		DA0325682AADCA31000D3152 /* Frameworks */ = {
			isa = PBXFrameworksBuildPhase;
			buildActionMask = 2147483647;
			files = (
			);
			runOnlyForDeploymentPostprocessing = 0;
		};
/* End PBXFrameworksBuildPhase section */

/* Begin PBXGroup section */
		DA0325422AADCA30000D3152 = {
			isa = PBXGroup;
			children = (
				DA03254D2AADCA30000D3152 /* SwiftTicTacToe */,
				DA0325642AADCA31000D3152 /* SwiftTicTacToeTests */,
				DA03256E2AADCA31000D3152 /* SwiftTicTacToeUITests */,
				DA03254C2AADCA30000D3152 /* Products */,
			);
			sourceTree = "<group>";
		};
		DA03254C2AADCA30000D3152 /* Products */ = {
			isa = PBXGroup;
			children = (
				DA03254B2AADCA30000D3152 /* SwiftTicTacToe.app */,
				DA0325612AADCA31000D3152 /* SwiftTicTacToeTests.xctest */,
				DA03256B2AADCA31000D3152 /* SwiftTicTacToeUITests.xctest */,
			);
			name = Products;
			sourceTree = "<group>";
		};
		DA03254D2AADCA30000D3152 /* SwiftTicTacToe */ = {
			isa = PBXGroup;
			children = (
				DA0D2CAE2AAE078B005F1DD6 /* Model */,
				DA0D2CAD2AAE077C005F1DD6 /* Controllers */,
				DA03254E2AADCA30000D3152 /* AppDelegate.swift */,
				DA0325502AADCA30000D3152 /* SceneDelegate.swift */,
				DA0325542AADCA30000D3152 /* Main.storyboard */,
				DA0325572AADCA31000D3152 /* Assets.xcassets */,
				DA0325592AADCA31000D3152 /* LaunchScreen.storyboard */,
				DA03255C2AADCA31000D3152 /* Info.plist */,
			);
			path = SwiftTicTacToe;
			sourceTree = "<group>";
		};
		DA0325642AADCA31000D3152 /* SwiftTicTacToeTests */ = {
			isa = PBXGroup;
			children = (
				DA0325652AADCA31000D3152 /* SwiftTicTacToeTests.swift */,
			);
			path = SwiftTicTacToeTests;
			sourceTree = "<group>";
		};
		DA03256E2AADCA31000D3152 /* SwiftTicTacToeUITests */ = {
			isa = PBXGroup;
			children = (
				DA03256F2AADCA31000D3152 /* SwiftTicTacToeUITests.swift */,
				DA0325712AADCA31000D3152 /* SwiftTicTacToeUITestsLaunchTests.swift */,
			);
			path = SwiftTicTacToeUITests;
			sourceTree = "<group>";
		};
		DA0D2CAD2AAE077C005F1DD6 /* Controllers */ = {
			isa = PBXGroup;
			children = (
				DA0D2CB42AAE23E8005F1DD6 /* HomeViewController.swift */,
				DA0D2CB62AAE425F005F1DD6 /* GameViewController.swift */,
				DA0D2CB82AAE4273005F1DD6 /* StartGameViewController.swift */,
			);
			path = Controllers;
			sourceTree = "<group>";
		};
		DA0D2CAE2AAE078B005F1DD6 /* Model */ = {
			isa = PBXGroup;
			children = (
			);
			path = Model;
			sourceTree = "<group>";
		};
/* End PBXGroup section */

/* Begin PBXNativeTarget section */
		DA03254A2AADCA30000D3152 /* SwiftTicTacToe */ = {
			isa = PBXNativeTarget;
			buildConfigurationList = DA0325752AADCA31000D3152 /* Build configuration list for PBXNativeTarget "SwiftTicTacToe" */;
			buildPhases = (
				DA0325472AADCA30000D3152 /* Sources */,
				DA0325482AADCA30000D3152 /* Frameworks */,
				DA0325492AADCA30000D3152 /* Resources */,
			);
			buildRules = (
			);
			dependencies = (
			);
			name = SwiftTicTacToe;
			productName = SwiftTicTacToe;
			productReference = DA03254B2AADCA30000D3152 /* SwiftTicTacToe.app */;
			productType = "com.apple.product-type.application";
		};
		DA0325602AADCA31000D3152 /* SwiftTicTacToeTests */ = {
			isa = PBXNativeTarget;
			buildConfigurationList = DA0325782AADCA31000D3152 /* Build configuration list for PBXNativeTarget "SwiftTicTacToeTests" */;
			buildPhases = (
				DA03255D2AADCA31000D3152 /* Sources */,
				DA03255E2AADCA31000D3152 /* Frameworks */,
				DA03255F2AADCA31000D3152 /* Resources */,
			);
			buildRules = (
			);
			dependencies = (
				DA0325632AADCA31000D3152 /* PBXTargetDependency */,
			);
			name = SwiftTicTacToeTests;
			productName = SwiftTicTacToeTests;
			productReference = DA0325612AADCA31000D3152 /* SwiftTicTacToeTests.xctest */;
			productType = "com.apple.product-type.bundle.unit-test";
		};
		DA03256A2AADCA31000D3152 /* SwiftTicTacToeUITests */ = {
			isa = PBXNativeTarget;
			buildConfigurationList = DA03257B2AADCA31000D3152 /* Build configuration list for PBXNativeTarget "SwiftTicTacToeUITests" */;
			buildPhases = (
				DA0325672AADCA31000D3152 /* Sources */,
				DA0325682AADCA31000D3152 /* Frameworks */,
				DA0325692AADCA31000D3152 /* Resources */,
			);
			buildRules = (
			);
			dependencies = (
				DA03256D2AADCA31000D3152 /* PBXTargetDependency */,
			);
			name = SwiftTicTacToeUITests;
			productName = SwiftTicTacToeUITests;
			productReference = DA03256B2AADCA31000D3152 /* SwiftTicTacToeUITests.xctest */;
			productType = "com.apple.product-type.bundle.ui-testing";
		};
/* End PBXNativeTarget section */

/* Begin PBXProject section */
		DA0325432AADCA30000D3152 /* Project object */ = {
			isa = PBXProject;
			attributes = {
				BuildIndependentTargetsInParallel = 1;
				LastSwiftUpdateCheck = 1430;
				LastUpgradeCheck = 1430;
				TargetAttributes = {
					DA03254A2AADCA30000D3152 = {
						CreatedOnToolsVersion = 14.3.1;
					};
					DA0325602AADCA31000D3152 = {
						CreatedOnToolsVersion = 14.3.1;
						TestTargetID = DA03254A2AADCA30000D3152;
					};
					DA03256A2AADCA31000D3152 = {
						CreatedOnToolsVersion = 14.3.1;
						TestTargetID = DA03254A2AADCA30000D3152;
					};
				};
			};
			buildConfigurationList = DA0325462AADCA30000D3152 /* Build configuration list for PBXProject "SwiftTicTacToe" */;
			compatibilityVersion = "Xcode 14.0";
			developmentRegion = en;
			hasScannedForEncodings = 0;
			knownRegions = (
				en,
				Base,
			);
			mainGroup = DA0325422AADCA30000D3152;
			productRefGroup = DA03254C2AADCA30000D3152 /* Products */;
			projectDirPath = "";
			projectRoot = "";
			targets = (
				DA03254A2AADCA30000D3152 /* SwiftTicTacToe */,
				DA0325602AADCA31000D3152 /* SwiftTicTacToeTests */,
				DA03256A2AADCA31000D3152 /* SwiftTicTacToeUITests */,
			);
		};
/* End PBXProject section */

/* Begin PBXResourcesBuildPhase section */
		DA0325492AADCA30000D3152 /* Resources */ = {
			isa = PBXResourcesBuildPhase;
			buildActionMask = 2147483647;
			files = (
				DA03255B2AADCA31000D3152 /* LaunchScreen.storyboard in Resources */,
				DA0325582AADCA31000D3152 /* Assets.xcassets in Resources */,
				DA0325562AADCA30000D3152 /* Main.storyboard in Resources */,
			);
			runOnlyForDeploymentPostprocessing = 0;
		};
		DA03255F2AADCA31000D3152 /* Resources */ = {
			isa = PBXResourcesBuildPhase;
			buildActionMask = 2147483647;
			files = (
			);
			runOnlyForDeploymentPostprocessing = 0;
		};
		DA0325692AADCA31000D3152 /* Resources */ = {
			isa = PBXResourcesBuildPhase;
			buildActionMask = 2147483647;
			files = (
			);
			runOnlyForDeploymentPostprocessing = 0;
		};
/* End PBXResourcesBuildPhase section */

/* Begin PBXSourcesBuildPhase section */
		DA0325472AADCA30000D3152 /* Sources */ = {
			isa = PBXSourcesBuildPhase;
			buildActionMask = 2147483647;
			files = (
				DA0D2CB72AAE425F005F1DD6 /* GameViewController.swift in Sources */,
				DA03254F2AADCA30000D3152 /* AppDelegate.swift in Sources */,
				DA0325512AADCA30000D3152 /* SceneDelegate.swift in Sources */,
				DA0D2CB92AAE4273005F1DD6 /* StartGameViewController.swift in Sources */,
				DA0D2CB52AAE23E8005F1DD6 /* HomeViewController.swift in Sources */,
			);
			runOnlyForDeploymentPostprocessing = 0;
		};
		DA03255D2AADCA31000D3152 /* Sources */ = {
			isa = PBXSourcesBuildPhase;
			buildActionMask = 2147483647;
			files = (
				DA0325662AADCA31000D3152 /* SwiftTicTacToeTests.swift in Sources */,
			);
			runOnlyForDeploymentPostprocessing = 0;
		};
		DA0325672AADCA31000D3152 /* Sources */ = {
			isa = PBXSourcesBuildPhase;
			buildActionMask = 2147483647;
			files = (
				DA0325702AADCA31000D3152 /* SwiftTicTacToeUITests.swift in Sources */,
				DA0325722AADCA31000D3152 /* SwiftTicTacToeUITestsLaunchTests.swift in Sources */,
			);
			runOnlyForDeploymentPostprocessing = 0;
		};
/* End PBXSourcesBuildPhase section */

/* Begin PBXTargetDependency section */
		DA0325632AADCA31000D3152 /* PBXTargetDependency */ = {
			isa = PBXTargetDependency;
			target = DA03254A2AADCA30000D3152 /* SwiftTicTacToe */;
			targetProxy = DA0325622AADCA31000D3152 /* PBXContainerItemProxy */;
		};
		DA03256D2AADCA31000D3152 /* PBXTargetDependency */ = {
			isa = PBXTargetDependency;
			target = DA03254A2AADCA30000D3152 /* SwiftTicTacToe */;
			targetProxy = DA03256C2AADCA31000D3152 /* PBXContainerItemProxy */;
		};
/* End PBXTargetDependency section */

/* Begin PBXVariantGroup section */
		DA0325542AADCA30000D3152 /* Main.storyboard */ = {
			isa = PBXVariantGroup;
			children = (
				DA0325552AADCA30000D3152 /* Base */,
			);
			name = Main.storyboard;
			sourceTree = "<group>";
		};
		DA0325592AADCA31000D3152 /* LaunchScreen.storyboard */ = {
			isa = PBXVariantGroup;
			children = (
				DA03255A2AADCA31000D3152 /* Base */,
			);
			name = LaunchScreen.storyboard;
			sourceTree = "<group>";
		};
/* End PBXVariantGroup section */

/* Begin XCBuildConfiguration section */
		DA0325732AADCA31000D3152 /* Debug */ = {
			isa = XCBuildConfiguration;
			buildSettings = {
				ALWAYS_SEARCH_USER_PATHS = NO;
				CLANG_ANALYZER_NONNULL = YES;
				CLANG_ANALYZER_NUMBER_OBJECT_CONVERSION = YES_AGGRESSIVE;
				CLANG_CXX_LANGUAGE_STANDARD = "gnu++20";
				CLANG_ENABLE_MODULES = YES;
				CLANG_ENABLE_OBJC_ARC = YES;
				CLANG_ENABLE_OBJC_WEAK = YES;
				CLANG_WARN_BLOCK_CAPTURE_AUTORELEASING = YES;
				CLANG_WARN_BOOL_CONVERSION = YES;
				CLANG_WARN_COMMA = YES;
				CLANG_WARN_CONSTANT_CONVERSION = YES;
				CLANG_WARN_DEPRECATED_OBJC_IMPLEMENTATIONS = YES;
				CLANG_WARN_DIRECT_OBJC_ISA_USAGE = YES_ERROR;
				CLANG_WARN_DOCUMENTATION_COMMENTS = YES;
				CLANG_WARN_EMPTY_BODY = YES;
				CLANG_WARN_ENUM_CONVERSION = YES;
				CLANG_WARN_INFINITE_RECURSION = YES;
				CLANG_WARN_INT_CONVERSION = YES;
				CLANG_WARN_NON_LITERAL_NULL_CONVERSION = YES;
				CLANG_WARN_OBJC_IMPLICIT_RETAIN_SELF = YES;
				CLANG_WARN_OBJC_LITERAL_CONVERSION = YES;
				CLANG_WARN_OBJC_ROOT_CLASS = YES_ERROR;
				CLANG_WARN_QUOTED_INCLUDE_IN_FRAMEWORK_HEADER = YES;
				CLANG_WARN_RANGE_LOOP_ANALYSIS = YES;
				CLANG_WARN_STRICT_PROTOTYPES = YES;
				CLANG_WARN_SUSPICIOUS_MOVE = YES;
				CLANG_WARN_UNGUARDED_AVAILABILITY = YES_AGGRESSIVE;
				CLANG_WARN_UNREACHABLE_CODE = YES;
				CLANG_WARN__DUPLICATE_METHOD_MATCH = YES;
				COPY_PHASE_STRIP = NO;
				DEBUG_INFORMATION_FORMAT = dwarf;
				ENABLE_STRICT_OBJC_MSGSEND = YES;
				ENABLE_TESTABILITY = YES;
				GCC_C_LANGUAGE_STANDARD = gnu11;
				GCC_DYNAMIC_NO_PIC = NO;
				GCC_NO_COMMON_BLOCKS = YES;
				GCC_OPTIMIZATION_LEVEL = 0;
				GCC_PREPROCESSOR_DEFINITIONS = (
					"DEBUG=1",
					"$(inherited)",
				);
				GCC_WARN_64_TO_32_BIT_CONVERSION = YES;
				GCC_WARN_ABOUT_RETURN_TYPE = YES_ERROR;
				GCC_WARN_UNDECLARED_SELECTOR = YES;
				GCC_WARN_UNINITIALIZED_AUTOS = YES_AGGRESSIVE;
				GCC_WARN_UNUSED_FUNCTION = YES;
				GCC_WARN_UNUSED_VARIABLE = YES;
				IPHONEOS_DEPLOYMENT_TARGET = 16.4;
				MTL_ENABLE_DEBUG_INFO = INCLUDE_SOURCE;
				MTL_FAST_MATH = YES;
				ONLY_ACTIVE_ARCH = YES;
				SDKROOT = iphoneos;
				SWIFT_ACTIVE_COMPILATION_CONDITIONS = DEBUG;
				SWIFT_OPTIMIZATION_LEVEL = "-Onone";
			};
			name = Debug;
		};
		DA0325742AADCA31000D3152 /* Release */ = {
			isa = XCBuildConfiguration;
			buildSettings = {
				ALWAYS_SEARCH_USER_PATHS = NO;
				CLANG_ANALYZER_NONNULL = YES;
				CLANG_ANALYZER_NUMBER_OBJECT_CONVERSION = YES_AGGRESSIVE;
				CLANG_CXX_LANGUAGE_STANDARD = "gnu++20";
				CLANG_ENABLE_MODULES = YES;
				CLANG_ENABLE_OBJC_ARC = YES;
				CLANG_ENABLE_OBJC_WEAK = YES;
				CLANG_WARN_BLOCK_CAPTURE_AUTORELEASING = YES;
				CLANG_WARN_BOOL_CONVERSION = YES;
				CLANG_WARN_COMMA = YES;
				CLANG_WARN_CONSTANT_CONVERSION = YES;
				CLANG_WARN_DEPRECATED_OBJC_IMPLEMENTATIONS = YES;
				CLANG_WARN_DIRECT_OBJC_ISA_USAGE = YES_ERROR;
				CLANG_WARN_DOCUMENTATION_COMMENTS = YES;
				CLANG_WARN_EMPTY_BODY = YES;
				CLANG_WARN_ENUM_CONVERSION = YES;
				CLANG_WARN_INFINITE_RECURSION = YES;
				CLANG_WARN_INT_CONVERSION = YES;
				CLANG_WARN_NON_LITERAL_NULL_CONVERSION = YES;
				CLANG_WARN_OBJC_IMPLICIT_RETAIN_SELF = YES;
				CLANG_WARN_OBJC_LITERAL_CONVERSION = YES;
				CLANG_WARN_OBJC_ROOT_CLASS = YES_ERROR;
				CLANG_WARN_QUOTED_INCLUDE_IN_FRAMEWORK_HEADER = YES;
				CLANG_WARN_RANGE_LOOP_ANALYSIS = YES;
				CLANG_WARN_STRICT_PROTOTYPES = YES;
				CLANG_WARN_SUSPICIOUS_MOVE = YES;
				CLANG_WARN_UNGUARDED_AVAILABILITY = YES_AGGRESSIVE;
				CLANG_WARN_UNREACHABLE_CODE = YES;
				CLANG_WARN__DUPLICATE_METHOD_MATCH = YES;
				COPY_PHASE_STRIP = NO;
				DEBUG_INFORMATION_FORMAT = "dwarf-with-dsym";
				ENABLE_NS_ASSERTIONS = NO;
				ENABLE_STRICT_OBJC_MSGSEND = YES;
				GCC_C_LANGUAGE_STANDARD = gnu11;
				GCC_NO_COMMON_BLOCKS = YES;
				GCC_WARN_64_TO_32_BIT_CONVERSION = YES;
				GCC_WARN_ABOUT_RETURN_TYPE = YES_ERROR;
				GCC_WARN_UNDECLARED_SELECTOR = YES;
				GCC_WARN_UNINITIALIZED_AUTOS = YES_AGGRESSIVE;
				GCC_WARN_UNUSED_FUNCTION = YES;
				GCC_WARN_UNUSED_VARIABLE = YES;
				IPHONEOS_DEPLOYMENT_TARGET = 16.4;
				MTL_ENABLE_DEBUG_INFO = NO;
				MTL_FAST_MATH = YES;
				SDKROOT = iphoneos;
				SWIFT_COMPILATION_MODE = wholemodule;
				SWIFT_OPTIMIZATION_LEVEL = "-O";
				VALIDATE_PRODUCT = YES;
			};
			name = Release;
		};
		DA0325762AADCA31000D3152 /* Debug */ = {
			isa = XCBuildConfiguration;
			buildSettings = {
				ASSETCATALOG_COMPILER_APPICON_NAME = AppIcon;
				ASSETCATALOG_COMPILER_GLOBAL_ACCENT_COLOR_NAME = AccentColor;
				CODE_SIGN_STYLE = Automatic;
				CURRENT_PROJECT_VERSION = 1;
				GENERATE_INFOPLIST_FILE = YES;
				INFOPLIST_FILE = SwiftTicTacToe/Info.plist;
				INFOPLIST_KEY_UIApplicationSupportsIndirectInputEvents = YES;
				INFOPLIST_KEY_UILaunchStoryboardName = LaunchScreen;
				INFOPLIST_KEY_UIMainStoryboardFile = Main;
				INFOPLIST_KEY_UISupportedInterfaceOrientations_iPad = "UIInterfaceOrientationPortrait UIInterfaceOrientationPortraitUpsideDown UIInterfaceOrientationLandscapeLeft UIInterfaceOrientationLandscapeRight";
				INFOPLIST_KEY_UISupportedInterfaceOrientations_iPhone = "UIInterfaceOrientationPortrait UIInterfaceOrientationLandscapeLeft UIInterfaceOrientationLandscapeRight";
				LD_RUNPATH_SEARCH_PATHS = (
					"$(inherited)",
					"@executable_path/Frameworks",
				);
				MARKETING_VERSION = 1.0;
				PRODUCT_BUNDLE_IDENTIFIER = com.robertrovenko.SwiftTicTacToe;
				PRODUCT_NAME = "$(TARGET_NAME)";
				SWIFT_EMIT_LOC_STRINGS = YES;
				SWIFT_VERSION = 5.0;
				TARGETED_DEVICE_FAMILY = "1,2";
			};
			name = Debug;
		};
		DA0325772AADCA31000D3152 /* Release */ = {
			isa = XCBuildConfiguration;
			buildSettings = {
				ASSETCATALOG_COMPILER_APPICON_NAME = AppIcon;
				ASSETCATALOG_COMPILER_GLOBAL_ACCENT_COLOR_NAME = AccentColor;
				CODE_SIGN_STYLE = Automatic;
				CURRENT_PROJECT_VERSION = 1;
				GENERATE_INFOPLIST_FILE = YES;
				INFOPLIST_FILE = SwiftTicTacToe/Info.plist;
				INFOPLIST_KEY_UIApplicationSupportsIndirectInputEvents = YES;
				INFOPLIST_KEY_UILaunchStoryboardName = LaunchScreen;
				INFOPLIST_KEY_UIMainStoryboardFile = Main;
				INFOPLIST_KEY_UISupportedInterfaceOrientations_iPad = "UIInterfaceOrientationPortrait UIInterfaceOrientationPortraitUpsideDown UIInterfaceOrientationLandscapeLeft UIInterfaceOrientationLandscapeRight";
				INFOPLIST_KEY_UISupportedInterfaceOrientations_iPhone = "UIInterfaceOrientationPortrait UIInterfaceOrientationLandscapeLeft UIInterfaceOrientationLandscapeRight";
				LD_RUNPATH_SEARCH_PATHS = (
					"$(inherited)",
					"@executable_path/Frameworks",
				);
				MARKETING_VERSION = 1.0;
				PRODUCT_BUNDLE_IDENTIFIER = com.robertrovenko.SwiftTicTacToe;
				PRODUCT_NAME = "$(TARGET_NAME)";
				SWIFT_EMIT_LOC_STRINGS = YES;
				SWIFT_VERSION = 5.0;
				TARGETED_DEVICE_FAMILY = "1,2";
			};
			name = Release;
		};
		DA0325792AADCA31000D3152 /* Debug */ = {
			isa = XCBuildConfiguration;
			buildSettings = {
				ALWAYS_EMBED_SWIFT_STANDARD_LIBRARIES = YES;
				BUNDLE_LOADER = "$(TEST_HOST)";
				CODE_SIGN_STYLE = Automatic;
				CURRENT_PROJECT_VERSION = 1;
				GENERATE_INFOPLIST_FILE = YES;
				IPHONEOS_DEPLOYMENT_TARGET = 16.4;
				MARKETING_VERSION = 1.0;
				PRODUCT_BUNDLE_IDENTIFIER = com.robertrovenko.SwiftTicTacToeTests;
				PRODUCT_NAME = "$(TARGET_NAME)";
				SWIFT_EMIT_LOC_STRINGS = NO;
				SWIFT_VERSION = 5.0;
				TARGETED_DEVICE_FAMILY = "1,2";
				TEST_HOST = "$(BUILT_PRODUCTS_DIR)/SwiftTicTacToe.app/$(BUNDLE_EXECUTABLE_FOLDER_PATH)/SwiftTicTacToe";
			};
			name = Debug;
		};
		DA03257A2AADCA31000D3152 /* Release */ = {
			isa = XCBuildConfiguration;
			buildSettings = {
				ALWAYS_EMBED_SWIFT_STANDARD_LIBRARIES = YES;
				BUNDLE_LOADER = "$(TEST_HOST)";
				CODE_SIGN_STYLE = Automatic;
				CURRENT_PROJECT_VERSION = 1;
				GENERATE_INFOPLIST_FILE = YES;
				IPHONEOS_DEPLOYMENT_TARGET = 16.4;
				MARKETING_VERSION = 1.0;
				PRODUCT_BUNDLE_IDENTIFIER = com.robertrovenko.SwiftTicTacToeTests;
				PRODUCT_NAME = "$(TARGET_NAME)";
				SWIFT_EMIT_LOC_STRINGS = NO;
				SWIFT_VERSION = 5.0;
				TARGETED_DEVICE_FAMILY = "1,2";
				TEST_HOST = "$(BUILT_PRODUCTS_DIR)/SwiftTicTacToe.app/$(BUNDLE_EXECUTABLE_FOLDER_PATH)/SwiftTicTacToe";
			};
			name = Release;
		};
		DA03257C2AADCA31000D3152 /* Debug */ = {
			isa = XCBuildConfiguration;
			buildSettings = {
				ALWAYS_EMBED_SWIFT_STANDARD_LIBRARIES = YES;
				CODE_SIGN_STYLE = Automatic;
				CURRENT_PROJECT_VERSION = 1;
				GENERATE_INFOPLIST_FILE = YES;
				MARKETING_VERSION = 1.0;
				PRODUCT_BUNDLE_IDENTIFIER = com.robertrovenko.SwiftTicTacToeUITests;
				PRODUCT_NAME = "$(TARGET_NAME)";
				SWIFT_EMIT_LOC_STRINGS = NO;
				SWIFT_VERSION = 5.0;
				TARGETED_DEVICE_FAMILY = "1,2";
				TEST_TARGET_NAME = SwiftTicTacToe;
			};
			name = Debug;
		};
		DA03257D2AADCA31000D3152 /* Release */ = {
			isa = XCBuildConfiguration;
			buildSettings = {
				ALWAYS_EMBED_SWIFT_STANDARD_LIBRARIES = YES;
				CODE_SIGN_STYLE = Automatic;
				CURRENT_PROJECT_VERSION = 1;
				GENERATE_INFOPLIST_FILE = YES;
				MARKETING_VERSION = 1.0;
				PRODUCT_BUNDLE_IDENTIFIER = com.robertrovenko.SwiftTicTacToeUITests;
				PRODUCT_NAME = "$(TARGET_NAME)";
				SWIFT_EMIT_LOC_STRINGS = NO;
				SWIFT_VERSION = 5.0;
				TARGETED_DEVICE_FAMILY = "1,2";
				TEST_TARGET_NAME = SwiftTicTacToe;
			};
			name = Release;
		};
/* End XCBuildConfiguration section */

/* Begin XCConfigurationList section */
		DA0325462AADCA30000D3152 /* Build configuration list for PBXProject "SwiftTicTacToe" */ = {
			isa = XCConfigurationList;
			buildConfigurations = (
				DA0325732AADCA31000D3152 /* Debug */,
				DA0325742AADCA31000D3152 /* Release */,
			);
			defaultConfigurationIsVisible = 0;
			defaultConfigurationName = Release;
		};
		DA0325752AADCA31000D3152 /* Build configuration list for PBXNativeTarget "SwiftTicTacToe" */ = {
			isa = XCConfigurationList;
			buildConfigurations = (
				DA0325762AADCA31000D3152 /* Debug */,
				DA0325772AADCA31000D3152 /* Release */,
			);
			defaultConfigurationIsVisible = 0;
			defaultConfigurationName = Release;
		};
		DA0325782AADCA31000D3152 /* Build configuration list for PBXNativeTarget "SwiftTicTacToeTests" */ = {
			isa = XCConfigurationList;
			buildConfigurations = (
				DA0325792AADCA31000D3152 /* Debug */,
				DA03257A2AADCA31000D3152 /* Release */,
			);
			defaultConfigurationIsVisible = 0;
			defaultConfigurationName = Release;
		};
		DA03257B2AADCA31000D3152 /* Build configuration list for PBXNativeTarget "SwiftTicTacToeUITests" */ = {
			isa = XCConfigurationList;
			buildConfigurations = (
				DA03257C2AADCA31000D3152 /* Debug */,
				DA03257D2AADCA31000D3152 /* Release */,
			);
			defaultConfigurationIsVisible = 0;
			defaultConfigurationName = Release;
		};
/* End XCConfigurationList section */
	};
	rootObject = DA0325432AADCA30000D3152 /* Project object */;
}
